// !$*UTF8*$!
{
	archiveVersion = 1;
	classes = {
	};
	objectVersion = 46;
	objects = {

/* Begin PBXBuildFile section */
		892140051A38815900472AA8 /* AppDelegate.swift in Sources */ = {isa = PBXBuildFile; fileRef = 892140041A38815900472AA8 /* AppDelegate.swift */; };
		892140071A38815900472AA8 /* ViewController.swift in Sources */ = {isa = PBXBuildFile; fileRef = 892140061A38815900472AA8 /* ViewController.swift */; };
		8921400A1A38815900472AA8 /* Main.storyboard in Resources */ = {isa = PBXBuildFile; fileRef = 892140081A38815900472AA8 /* Main.storyboard */; };
		8921400C1A38815900472AA8 /* Images.xcassets in Resources */ = {isa = PBXBuildFile; fileRef = 8921400B1A38815900472AA8 /* Images.xcassets */; };
		8921400F1A38815900472AA8 /* LaunchScreen.xib in Resources */ = {isa = PBXBuildFile; fileRef = 8921400D1A38815900472AA8 /* LaunchScreen.xib */; };
		8921401B1A38815A00472AA8 /* PostcardTests.swift in Sources */ = {isa = PBXBuildFile; fileRef = 8921401A1A38815A00472AA8 /* PostcardTests.swift */; };
		892140251A389C0100472AA8 /* Burns_on_Ayr_Postcard_1899.jpg in Resources */ = {isa = PBXBuildFile; fileRef = 892140241A389C0100472AA8 /* Burns_on_Ayr_Postcard_1899.jpg */; };
		892140271A38A16400472AA8 /* greetings_from_haiti___postcard_by_t_werca-d65gas9.jpg in Resources */ = {isa = PBXBuildFile; fileRef = 892140261A38A16400472AA8 /* greetings_from_haiti___postcard_by_t_werca-d65gas9.jpg */; };
/* End PBXBuildFile section */

/* Begin PBXContainerItemProxy section */
		892140151A38815A00472AA8 /* PBXContainerItemProxy */ = {
			isa = PBXContainerItemProxy;
			containerPortal = 89213FF71A38815900472AA8 /* Project object */;
			proxyType = 1;
			remoteGlobalIDString = 89213FFE1A38815900472AA8;
			remoteInfo = Postcard;
		};
/* End PBXContainerItemProxy section */

/* Begin PBXFileReference section */
		89213FFF1A38815900472AA8 /* Postcard.app */ = {isa = PBXFileReference; explicitFileType = wrapper.application; includeInIndex = 0; path = Postcard.app; sourceTree = BUILT_PRODUCTS_DIR; };
		892140031A38815900472AA8 /* Info.plist */ = {isa = PBXFileReference; lastKnownFileType = text.plist.xml; path = Info.plist; sourceTree = "<group>"; };
		892140041A38815900472AA8 /* AppDelegate.swift */ = {isa = PBXFileReference; lastKnownFileType = sourcecode.swift; path = AppDelegate.swift; sourceTree = "<group>"; };
		892140061A38815900472AA8 /* ViewController.swift */ = {isa = PBXFileReference; lastKnownFileType = sourcecode.swift; path = ViewController.swift; sourceTree = "<group>"; };
		892140091A38815900472AA8 /* Base */ = {isa = PBXFileReference; lastKnownFileType = file.storyboard; name = Base; path = Base.lproj/Main.storyboard; sourceTree = "<group>"; };
		8921400B1A38815900472AA8 /* Images.xcassets */ = {isa = PBXFileReference; lastKnownFileType = folder.assetcatalog; path = Images.xcassets; sourceTree = "<group>"; };
		8921400E1A38815900472AA8 /* Base */ = {isa = PBXFileReference; lastKnownFileType = file.xib; name = Base; path = Base.lproj/LaunchScreen.xib; sourceTree = "<group>"; };
		892140141A38815A00472AA8 /* PostcardTests.xctest */ = {isa = PBXFileReference; explicitFileType = wrapper.cfbundle; includeInIndex = 0; path = PostcardTests.xctest; sourceTree = BUILT_PRODUCTS_DIR; };
		892140191A38815A00472AA8 /* Info.plist */ = {isa = PBXFileReference; lastKnownFileType = text.plist.xml; path = Info.plist; sourceTree = "<group>"; };
		8921401A1A38815A00472AA8 /* PostcardTests.swift */ = {isa = PBXFileReference; lastKnownFileType = sourcecode.swift; path = PostcardTests.swift; sourceTree = "<group>"; };
		892140241A389C0100472AA8 /* Burns_on_Ayr_Postcard_1899.jpg */ = {isa = PBXFileReference; lastKnownFileType = image.jpeg; path = Burns_on_Ayr_Postcard_1899.jpg; sourceTree = "<group>"; };
		892140261A38A16400472AA8 /* greetings_from_haiti___postcard_by_t_werca-d65gas9.jpg */ = {isa = PBXFileReference; lastKnownFileType = image.jpeg; path = "greetings_from_haiti___postcard_by_t_werca-d65gas9.jpg"; sourceTree = "<group>"; };
/* End PBXFileReference section */

/* Begin PBXFrameworksBuildPhase section */
		89213FFC1A38815900472AA8 /* Frameworks */ = {
			isa = PBXFrameworksBuildPhase;
			buildActionMask = 2147483647;
			files = (
			);
			runOnlyForDeploymentPostprocessing = 0;
		};
		892140111A38815A00472AA8 /* Frameworks */ = {
			isa = PBXFrameworksBuildPhase;
			buildActionMask = 2147483647;
			files = (
			);
			runOnlyForDeploymentPostprocessing = 0;
		};
/* End PBXFrameworksBuildPhase section */

/* Begin PBXGroup section */
		89213FF61A38815900472AA8 = {
			isa = PBXGroup;
			children = (
				892140011A38815900472AA8 /* Postcard */,
				892140171A38815A00472AA8 /* PostcardTests */,
				892140001A38815900472AA8 /* Products */,
			);
			sourceTree = "<group>";
		};
		892140001A38815900472AA8 /* Products */ = {
			isa = PBXGroup;
			children = (
				89213FFF1A38815900472AA8 /* Postcard.app */,
				892140141A38815A00472AA8 /* PostcardTests.xctest */,
			);
			name = Products;
			sourceTree = "<group>";
		};
		892140011A38815900472AA8 /* Postcard */ = {
			isa = PBXGroup;
			children = (
				892140041A38815900472AA8 /* AppDelegate.swift */,
				892140061A38815900472AA8 /* ViewController.swift */,
				892140081A38815900472AA8 /* Main.storyboard */,
				8921400B1A38815900472AA8 /* Images.xcassets */,
				8921400D1A38815900472AA8 /* LaunchScreen.xib */,
				892140021A38815900472AA8 /* Supporting Files */,
			);
			path = Postcard;
			sourceTree = "<group>";
		};
		892140021A38815900472AA8 /* Supporting Files */ = {
			isa = PBXGroup;
			children = (
				892140261A38A16400472AA8 /* greetings_from_haiti___postcard_by_t_werca-d65gas9.jpg */,
				892140241A389C0100472AA8 /* Burns_on_Ayr_Postcard_1899.jpg */,
				892140031A38815900472AA8 /* Info.plist */,
			);
			name = "Supporting Files";
			sourceTree = "<group>";
		};
		892140171A38815A00472AA8 /* PostcardTests */ = {
			isa = PBXGroup;
			children = (
				8921401A1A38815A00472AA8 /* PostcardTests.swift */,
				892140181A38815A00472AA8 /* Supporting Files */,
			);
			path = PostcardTests;
			sourceTree = "<group>";
		};
		892140181A38815A00472AA8 /* Supporting Files */ = {
			isa = PBXGroup;
			children = (
				892140191A38815A00472AA8 /* Info.plist */,
			);
			name = "Supporting Files";
			sourceTree = "<group>";
		};
/* End PBXGroup section */

/* Begin PBXNativeTarget section */
		89213FFE1A38815900472AA8 /* Postcard */ = {
			isa = PBXNativeTarget;
			buildConfigurationList = 8921401E1A38815A00472AA8 /* Build configuration list for PBXNativeTarget "Postcard" */;
			buildPhases = (
				89213FFB1A38815900472AA8 /* Sources */,
				89213FFC1A38815900472AA8 /* Frameworks */,
				89213FFD1A38815900472AA8 /* Resources */,
			);
			buildRules = (
			);
			dependencies = (
			);
			name = Postcard;
			productName = Postcard;
			productReference = 89213FFF1A38815900472AA8 /* Postcard.app */;
			productType = "com.apple.product-type.application";
		};
		892140131A38815A00472AA8 /* PostcardTests */ = {
			isa = PBXNativeTarget;
			buildConfigurationList = 892140211A38815A00472AA8 /* Build configuration list for PBXNativeTarget "PostcardTests" */;
			buildPhases = (
				892140101A38815A00472AA8 /* Sources */,
				892140111A38815A00472AA8 /* Frameworks */,
				892140121A38815A00472AA8 /* Resources */,
			);
			buildRules = (
			);
			dependencies = (
				892140161A38815A00472AA8 /* PBXTargetDependency */,
			);
			name = PostcardTests;
			productName = PostcardTests;
			productReference = 892140141A38815A00472AA8 /* PostcardTests.xctest */;
			productType = "com.apple.product-type.bundle.unit-test";
		};
/* End PBXNativeTarget section */

/* Begin PBXProject section */
		89213FF71A38815900472AA8 /* Project object */ = {
			isa = PBXProject;
			attributes = {
				LastUpgradeCheck = 0610;
				ORGANIZATIONNAME = "Giorgos Eleftheriou";
				TargetAttributes = {
					89213FFE1A38815900472AA8 = {
						CreatedOnToolsVersion = 6.1;
					};
					892140131A38815A00472AA8 = {
						CreatedOnToolsVersion = 6.1;
						TestTargetID = 89213FFE1A38815900472AA8;
					};
				};
			};
			buildConfigurationList = 89213FFA1A38815900472AA8 /* Build configuration list for PBXProject "Postcard" */;
			compatibilityVersion = "Xcode 3.2";
			developmentRegion = English;
			hasScannedForEncodings = 0;
			knownRegions = (
				en,
				Base,
			);
			mainGroup = 89213FF61A38815900472AA8;
			productRefGroup = 892140001A38815900472AA8 /* Products */;
			projectDirPath = "";
			projectRoot = "";
			targets = (
				89213FFE1A38815900472AA8 /* Postcard */,
				892140131A38815A00472AA8 /* PostcardTests */,
			);
		};
/* End PBXProject section */

/* Begin PBXResourcesBuildPhase section */
		89213FFD1A38815900472AA8 /* Resources */ = {
			isa = PBXResourcesBuildPhase;
			buildActionMask = 2147483647;
			files = (
				892140271A38A16400472AA8 /* greetings_from_haiti___postcard_by_t_werca-d65gas9.jpg in Resources */,
				8921400A1A38815900472AA8 /* Main.storyboard in Resources */,
				8921400F1A38815900472AA8 /* LaunchScreen.xib in Resources */,
				8921400C1A38815900472AA8 /* Images.xcassets in Resources */,
				892140251A389C0100472AA8 /* Burns_on_Ayr_Postcard_1899.jpg in Resources */,
			);
			runOnlyForDeploymentPostprocessing = 0;
		};
		892140121A38815A00472AA8 /* Resources */ = {
			isa = PBXResourcesBuildPhase;
			buildActionMask = 2147483647;
			files = (
			);
			runOnlyForDeploymentPostprocessing = 0;
		};
/* End PBXResourcesBuildPhase section */

/* Begin PBXSourcesBuildPhase section */
		89213FFB1A38815900472AA8 /* Sources */ = {
			isa = PBXSourcesBuildPhase;
			buildActionMask = 2147483647;
			files = (
				892140071A38815900472AA8 /* ViewController.swift in Sources */,
				892140051A38815900472AA8 /* AppDelegate.swift in Sources */,
			);
			runOnlyForDeploymentPostprocessing = 0;
		};
		892140101A38815A00472AA8 /* Sources */ = {
			isa = PBXSourcesBuildPhase;
			buildActionMask = 2147483647;
			files = (
				8921401B1A38815A00472AA8 /* PostcardTests.swift in Sources */,
			);
			runOnlyForDeploymentPostprocessing = 0;
		};
/* End PBXSourcesBuildPhase section */

/* Begin PBXTargetDependency section */
		892140161A38815A00472AA8 /* PBXTargetDependency */ = {
			isa = PBXTargetDependency;
			target = 89213FFE1A38815900472AA8 /* Postcard */;
			targetProxy = 892140151A38815A00472AA8 /* PBXContainerItemProxy */;
		};
/* End PBXTargetDependency section */

/* Begin PBXVariantGroup section */
		892140081A38815900472AA8 /* Main.storyboard */ = {
			isa = PBXVariantGroup;
			children = (
				892140091A38815900472AA8 /* Base */,
			);
			name = Main.storyboard;
			sourceTree = "<group>";
		};
		8921400D1A38815900472AA8 /* LaunchScreen.xib */ = {
			isa = PBXVariantGroup;
			children = (
				8921400E1A38815900472AA8 /* Base */,
			);
			name = LaunchScreen.xib;
			sourceTree = "<group>";
		};
/* End PBXVariantGroup section */

/* Begin XCBuildConfiguration section */
		8921401C1A38815A00472AA8 /* Debug */ = {
			isa = XCBuildConfiguration;
			buildSettings = {
				ALWAYS_SEARCH_USER_PATHS = NO;
				CLANG_CXX_LANGUAGE_STANDARD = "gnu++0x";
				CLANG_CXX_LIBRARY = "libc++";
				CLANG_ENABLE_MODULES = YES;
				CLANG_ENABLE_OBJC_ARC = YES;
				CLANG_WARN_BOOL_CONVERSION = YES;
				CLANG_WARN_CONSTANT_CONVERSION = YES;
				CLANG_WARN_DIRECT_OBJC_ISA_USAGE = YES_ERROR;
				CLANG_WARN_EMPTY_BODY = YES;
				CLANG_WARN_ENUM_CONVERSION = YES;
				CLANG_WARN_INT_CONVERSION = YES;
				CLANG_WARN_OBJC_ROOT_CLASS = YES_ERROR;
				CLANG_WARN_UNREACHABLE_CODE = YES;
				CLANG_WARN__DUPLICATE_METHOD_MATCH = YES;
				"CODE_SIGN_IDENTITY[sdk=iphoneos*]" = "iPhone Developer";
				COPY_PHASE_STRIP = NO;
				ENABLE_STRICT_OBJC_MSGSEND = YES;
				GCC_C_LANGUAGE_STANDARD = gnu99;
				GCC_DYNAMIC_NO_PIC = NO;
				GCC_OPTIMIZATION_LEVEL = 0;
				GCC_PREPROCESSOR_DEFINITIONS = (
					"DEBUG=1",
					"$(inherited)",
				);
				GCC_SYMBOLS_PRIVATE_EXTERN = NO;
				GCC_WARN_64_TO_32_BIT_CONVERSION = YES;
				GCC_WARN_ABOUT_RETURN_TYPE = YES_ERROR;
				GCC_WARN_UNDECLARED_SELECTOR = YES;
				GCC_WARN_UNINITIALIZED_AUTOS = YES_AGGRESSIVE;
				GCC_WARN_UNUSED_FUNCTION = YES;
				GCC_WARN_UNUSED_VARIABLE = YES;
				IPHONEOS_DEPLOYMENT_TARGET = 8.1;
				MTL_ENABLE_DEBUG_INFO = YES;
				ONLY_ACTIVE_ARCH = YES;
				SDKROOT = iphoneos;
				SWIFT_OPTIMIZATION_LEVEL = "-Onone";
				TARGETED_DEVICE_FAMILY = "1,2";
			};
			name = Debug;
		};
		8921401D1A38815A00472AA8 /* Release */ = {
			isa = XCBuildConfiguration;
			buildSettings = {
				ALWAYS_SEARCH_USER_PATHS = NO;
				CLANG_CXX_LANGUAGE_STANDARD = "gnu++0x";
				CLANG_CXX_LIBRARY = "libc++";
				CLANG_ENABLE_MODULES = YES;
				CLANG_ENABLE_OBJC_ARC = YES;
				CLANG_WARN_BOOL_CONVERSION = YES;
				CLANG_WARN_CONSTANT_CONVERSION = YES;
				CLANG_WARN_DIRECT_OBJC_ISA_USAGE = YES_ERROR;
				CLANG_WARN_EMPTY_BODY = YES;
				CLANG_WARN_ENUM_CONVERSION = YES;
				CLANG_WARN_INT_CONVERSION = YES;
				CLANG_WARN_OBJC_ROOT_CLASS = YES_ERROR;
				CLANG_WARN_UNREACHABLE_CODE = YES;
				CLANG_WARN__DUPLICATE_METHOD_MATCH = YES;
				"CODE_SIGN_IDENTITY[sdk=iphoneos*]" = "iPhone Developer";
				COPY_PHASE_STRIP = YES;
				ENABLE_NS_ASSERTIONS = NO;
				ENABLE_STRICT_OBJC_MSGSEND = YES;
				GCC_C_LANGUAGE_STANDARD = gnu99;
				GCC_WARN_64_TO_32_BIT_CONVERSION = YES;
				GCC_WARN_ABOUT_RETURN_TYPE = YES_ERROR;
				GCC_WARN_UNDECLARED_SELECTOR = YES;
				GCC_WARN_UNINITIALIZED_AUTOS = YES_AGGRESSIVE;
				GCC_WARN_UNUSED_FUNCTION = YES;
				GCC_WARN_UNUSED_VARIABLE = YES;
				IPHONEOS_DEPLOYMENT_TARGET = 8.1;
				MTL_ENABLE_DEBUG_INFO = NO;
				SDKROOT = iphoneos;
				TARGETED_DEVICE_FAMILY = "1,2";
				VALIDATE_PRODUCT = YES;
			};
			name = Release;
		};
		8921401F1A38815A00472AA8 /* Debug */ = {
			isa = XCBuildConfiguration;
			buildSettings = {
				ASSETCATALOG_COMPILER_APPICON_NAME = AppIcon;
				INFOPLIST_FILE = Postcard/Info.plist;
				LD_RUNPATH_SEARCH_PATHS = "$(inherited) @executable_path/Frameworks";
				PRODUCT_NAME = "$(TARGET_NAME)";
			};
			name = Debug;
		};
		892140201A38815A00472AA8 /* Release */ = {
			isa = XCBuildConfiguration;
			buildSettings = {
				ASSETCATALOG_COMPILER_APPICON_NAME = AppIcon;
				INFOPLIST_FILE = Postcard/Info.plist;
				LD_RUNPATH_SEARCH_PATHS = "$(inherited) @executable_path/Frameworks";
				PRODUCT_NAME = "$(TARGET_NAME)";
			};
			name = Release;
		};
		892140221A38815A00472AA8 /* Debug */ = {
			isa = XCBuildConfiguration;
			buildSettings = {
				BUNDLE_LOADER = "$(TEST_HOST)";
				FRAMEWORK_SEARCH_PATHS = (
					"$(SDKROOT)/Developer/Library/Frameworks",
					"$(inherited)",
				);
				GCC_PREPROCESSOR_DEFINITIONS = (
					"DEBUG=1",
					"$(inherited)",
				);
				INFOPLIST_FILE = PostcardTests/Info.plist;
				LD_RUNPATH_SEARCH_PATHS = "$(inherited) @executable_path/Frameworks @loader_path/Frameworks";
				PRODUCT_NAME = "$(TARGET_NAME)";
				TEST_HOST = "$(BUILT_PRODUCTS_DIR)/Postcard.app/Postcard";
			};
			name = Debug;
		};
		892140231A38815A00472AA8 /* Release */ = {
			isa = XCBuildConfiguration;
			buildSettings = {
				BUNDLE_LOADER = "$(TEST_HOST)";
				FRAMEWORK_SEARCH_PATHS = (
					"$(SDKROOT)/Developer/Library/Frameworks",
					"$(inherited)",
				);
				INFOPLIST_FILE = PostcardTests/Info.plist;
				LD_RUNPATH_SEARCH_PATHS = "$(inherited) @executable_path/Frameworks @loader_path/Frameworks";
				PRODUCT_NAME = "$(TARGET_NAME)";
				TEST_HOST = "$(BUILT_PRODUCTS_DIR)/Postcard.app/Postcard";
			};
			name = Release;
		};
/* End XCBuildConfiguration section */

/* Begin XCConfigurationList section */
		89213FFA1A38815900472AA8 /* Build configuration list for PBXProject "Postcard" */ = {
			isa = XCConfigurationList;
			buildConfigurations = (
				8921401C1A38815A00472AA8 /* Debug */,
				8921401D1A38815A00472AA8 /* Release */,
			);
			defaultConfigurationIsVisible = 0;
			defaultConfigurationName = Release;
		};
		8921401E1A38815A00472AA8 /* Build configuration list for PBXNativeTarget "Postcard" */ = {
			isa = XCConfigurationList;
			buildConfigurations = (
				8921401F1A38815A00472AA8 /* Debug */,
				892140201A38815A00472AA8 /* Release */,
			);
			defaultConfigurationIsVisible = 0;
		};
		892140211A38815A00472AA8 /* Build configuration list for PBXNativeTarget "PostcardTests" */ = {
			isa = XCConfigurationList;
			buildConfigurations = (
				892140221A38815A00472AA8 /* Debug */,
				892140231A38815A00472AA8 /* Release */,
			);
			defaultConfigurationIsVisible = 0;
		};
/* End XCConfigurationList section */
	};
	rootObject = 89213FF71A38815900472AA8 /* Project object */;
}
